// !$*UTF8*$!
{
	archiveVersion = 1;
	classes = {
	};
	objectVersion = 50;
	objects = {

/* Begin PBXBuildFile section */
		5F86F9D32097534000F32ACD /* AppDelegate.swift in Sources */ = {isa = PBXBuildFile; fileRef = 5F86F9D22097534000F32ACD /* AppDelegate.swift */; };
		5F86F9D52097534000F32ACD /* MasterViewController.swift in Sources */ = {isa = PBXBuildFile; fileRef = 5F86F9D42097534000F32ACD /* MasterViewController.swift */; };
		5F86F9D72097534000F32ACD /* DetailViewController.swift in Sources */ = {isa = PBXBuildFile; fileRef = 5F86F9D62097534000F32ACD /* DetailViewController.swift */; };
		5F86F9DA2097534000F32ACD /* Main.storyboard in Resources */ = {isa = PBXBuildFile; fileRef = 5F86F9D82097534000F32ACD /* Main.storyboard */; };
		5F86F9DC2097534200F32ACD /* Assets.xcassets in Resources */ = {isa = PBXBuildFile; fileRef = 5F86F9DB2097534200F32ACD /* Assets.xcassets */; };
		5F86F9DF2097534200F32ACD /* LaunchScreen.storyboard in Resources */ = {isa = PBXBuildFile; fileRef = 5F86F9DD2097534200F32ACD /* LaunchScreen.storyboard */; };
		5F86F9EA2097534200F32ACD /* SIVVI_MoviesTests.swift in Sources */ = {isa = PBXBuildFile; fileRef = 5F86F9E92097534200F32ACD /* SIVVI_MoviesTests.swift */; };
		5F86F9F52097534200F32ACD /* SIVVI_MoviesUITests.swift in Sources */ = {isa = PBXBuildFile; fileRef = 5F86F9F42097534200F32ACD /* SIVVI_MoviesUITests.swift */; };
		5F86FA06209755FF00F32ACD /* HomeViewModel.swift in Sources */ = {isa = PBXBuildFile; fileRef = 5F86FA05209755FF00F32ACD /* HomeViewModel.swift */; };
		5F86FA082097560C00F32ACD /* HomeViewController.swift in Sources */ = {isa = PBXBuildFile; fileRef = 5F86FA072097560C00F32ACD /* HomeViewController.swift */; };
		5F86FA0A2097578200F32ACD /* Home.storyboard in Resources */ = {isa = PBXBuildFile; fileRef = 5F86FA092097578200F32ACD /* Home.storyboard */; };
		5F86FA0C20979D9C00F32ACD /* Movie.swift in Sources */ = {isa = PBXBuildFile; fileRef = 5F86FA0B20979D9C00F32ACD /* Movie.swift */; };
		5F86FA0E20979DDE00F32ACD /* MovieSection.swift in Sources */ = {isa = PBXBuildFile; fileRef = 5F86FA0D20979DDE00F32ACD /* MovieSection.swift */; };
		5F86FA112097A03200F32ACD /* MoviesProvider.swift in Sources */ = {isa = PBXBuildFile; fileRef = 5F86FA102097A03200F32ACD /* MoviesProvider.swift */; };
		5F86FA142097A25800F32ACD /* SettingsConstants.swift in Sources */ = {isa = PBXBuildFile; fileRef = 5F86FA132097A25800F32ACD /* SettingsConstants.swift */; };
		5F86FA172097A43E00F32ACD /* MoviesDataManager.swift in Sources */ = {isa = PBXBuildFile; fileRef = 5F86FA162097A43E00F32ACD /* MoviesDataManager.swift */; };
		60B1C3AA38F79D184019CD6A /* Pods_SIVVI_MoviesTests.framework in Frameworks */ = {isa = PBXBuildFile; fileRef = 2E4DB3B0426A1282E842EBD5 /* Pods_SIVVI_MoviesTests.framework */; };
		C108187DE72DA5A4ED6B185B /* Pods_SIVVI_MoviesUITests.framework in Frameworks */ = {isa = PBXBuildFile; fileRef = 216ABCECBAD354B2B91AA98A /* Pods_SIVVI_MoviesUITests.framework */; };
		DEC4966E70ADBB867ADA1470 /* Pods_SIVVI_Movies.framework in Frameworks */ = {isa = PBXBuildFile; fileRef = 3B88F886831782069D708F68 /* Pods_SIVVI_Movies.framework */; };
/* End PBXBuildFile section */

/* Begin PBXContainerItemProxy section */
		5F86F9E62097534200F32ACD /* PBXContainerItemProxy */ = {
			isa = PBXContainerItemProxy;
			containerPortal = 5F86F9C72097534000F32ACD /* Project object */;
			proxyType = 1;
			remoteGlobalIDString = 5F86F9CE2097534000F32ACD;
			remoteInfo = "SIVVI Movies";
		};
		5F86F9F12097534200F32ACD /* PBXContainerItemProxy */ = {
			isa = PBXContainerItemProxy;
			containerPortal = 5F86F9C72097534000F32ACD /* Project object */;
			proxyType = 1;
			remoteGlobalIDString = 5F86F9CE2097534000F32ACD;
			remoteInfo = "SIVVI Movies";
		};
/* End PBXContainerItemProxy section */

/* Begin PBXFileReference section */
		216ABCECBAD354B2B91AA98A /* Pods_SIVVI_MoviesUITests.framework */ = {isa = PBXFileReference; explicitFileType = wrapper.framework; includeInIndex = 0; path = Pods_SIVVI_MoviesUITests.framework; sourceTree = BUILT_PRODUCTS_DIR; };
		2E4DB3B0426A1282E842EBD5 /* Pods_SIVVI_MoviesTests.framework */ = {isa = PBXFileReference; explicitFileType = wrapper.framework; includeInIndex = 0; path = Pods_SIVVI_MoviesTests.framework; sourceTree = BUILT_PRODUCTS_DIR; };
		3B88F886831782069D708F68 /* Pods_SIVVI_Movies.framework */ = {isa = PBXFileReference; explicitFileType = wrapper.framework; includeInIndex = 0; path = Pods_SIVVI_Movies.framework; sourceTree = BUILT_PRODUCTS_DIR; };
		44C418DFC0F464E191FA24D9 /* Pods-SIVVI MoviesTests.release.xcconfig */ = {isa = PBXFileReference; includeInIndex = 1; lastKnownFileType = text.xcconfig; name = "Pods-SIVVI MoviesTests.release.xcconfig"; path = "Pods/Target Support Files/Pods-SIVVI MoviesTests/Pods-SIVVI MoviesTests.release.xcconfig"; sourceTree = "<group>"; };
		49B8BCC2C94467BA83929066 /* Pods-SIVVI Movies.release.xcconfig */ = {isa = PBXFileReference; includeInIndex = 1; lastKnownFileType = text.xcconfig; name = "Pods-SIVVI Movies.release.xcconfig"; path = "Pods/Target Support Files/Pods-SIVVI Movies/Pods-SIVVI Movies.release.xcconfig"; sourceTree = "<group>"; };
		5E471524F0F064F89DF0E2E9 /* Pods-SIVVI MoviesUITests.release.xcconfig */ = {isa = PBXFileReference; includeInIndex = 1; lastKnownFileType = text.xcconfig; name = "Pods-SIVVI MoviesUITests.release.xcconfig"; path = "Pods/Target Support Files/Pods-SIVVI MoviesUITests/Pods-SIVVI MoviesUITests.release.xcconfig"; sourceTree = "<group>"; };
		5F86F9CF2097534000F32ACD /* SIVVI Movies.app */ = {isa = PBXFileReference; explicitFileType = wrapper.application; includeInIndex = 0; path = "SIVVI Movies.app"; sourceTree = BUILT_PRODUCTS_DIR; };
		5F86F9D22097534000F32ACD /* AppDelegate.swift */ = {isa = PBXFileReference; lastKnownFileType = sourcecode.swift; path = AppDelegate.swift; sourceTree = "<group>"; };
		5F86F9D42097534000F32ACD /* MasterViewController.swift */ = {isa = PBXFileReference; lastKnownFileType = sourcecode.swift; path = MasterViewController.swift; sourceTree = "<group>"; };
		5F86F9D62097534000F32ACD /* DetailViewController.swift */ = {isa = PBXFileReference; lastKnownFileType = sourcecode.swift; path = DetailViewController.swift; sourceTree = "<group>"; };
		5F86F9D92097534000F32ACD /* Base */ = {isa = PBXFileReference; lastKnownFileType = file.storyboard; name = Base; path = Base.lproj/Main.storyboard; sourceTree = "<group>"; };
		5F86F9DB2097534200F32ACD /* Assets.xcassets */ = {isa = PBXFileReference; lastKnownFileType = folder.assetcatalog; path = Assets.xcassets; sourceTree = "<group>"; };
		5F86F9DE2097534200F32ACD /* Base */ = {isa = PBXFileReference; lastKnownFileType = file.storyboard; name = Base; path = Base.lproj/LaunchScreen.storyboard; sourceTree = "<group>"; };
		5F86F9E02097534200F32ACD /* Info.plist */ = {isa = PBXFileReference; lastKnownFileType = text.plist.xml; path = Info.plist; sourceTree = "<group>"; };
		5F86F9E52097534200F32ACD /* SIVVI MoviesTests.xctest */ = {isa = PBXFileReference; explicitFileType = wrapper.cfbundle; includeInIndex = 0; path = "SIVVI MoviesTests.xctest"; sourceTree = BUILT_PRODUCTS_DIR; };
		5F86F9E92097534200F32ACD /* SIVVI_MoviesTests.swift */ = {isa = PBXFileReference; lastKnownFileType = sourcecode.swift; path = SIVVI_MoviesTests.swift; sourceTree = "<group>"; };
		5F86F9EB2097534200F32ACD /* Info.plist */ = {isa = PBXFileReference; lastKnownFileType = text.plist.xml; path = Info.plist; sourceTree = "<group>"; };
		5F86F9F02097534200F32ACD /* SIVVI MoviesUITests.xctest */ = {isa = PBXFileReference; explicitFileType = wrapper.cfbundle; includeInIndex = 0; path = "SIVVI MoviesUITests.xctest"; sourceTree = BUILT_PRODUCTS_DIR; };
		5F86F9F42097534200F32ACD /* SIVVI_MoviesUITests.swift */ = {isa = PBXFileReference; lastKnownFileType = sourcecode.swift; path = SIVVI_MoviesUITests.swift; sourceTree = "<group>"; };
		5F86F9F62097534200F32ACD /* Info.plist */ = {isa = PBXFileReference; lastKnownFileType = text.plist.xml; path = Info.plist; sourceTree = "<group>"; };
		5F86FA05209755FF00F32ACD /* HomeViewModel.swift */ = {isa = PBXFileReference; lastKnownFileType = sourcecode.swift; path = HomeViewModel.swift; sourceTree = "<group>"; };
		5F86FA072097560C00F32ACD /* HomeViewController.swift */ = {isa = PBXFileReference; lastKnownFileType = sourcecode.swift; path = HomeViewController.swift; sourceTree = "<group>"; };
		5F86FA092097578200F32ACD /* Home.storyboard */ = {isa = PBXFileReference; lastKnownFileType = file.storyboard; path = Home.storyboard; sourceTree = "<group>"; };
		5F86FA0B20979D9C00F32ACD /* Movie.swift */ = {isa = PBXFileReference; lastKnownFileType = sourcecode.swift; path = Movie.swift; sourceTree = "<group>"; };
		5F86FA0D20979DDE00F32ACD /* MovieSection.swift */ = {isa = PBXFileReference; lastKnownFileType = sourcecode.swift; path = MovieSection.swift; sourceTree = "<group>"; };
		5F86FA102097A03200F32ACD /* MoviesProvider.swift */ = {isa = PBXFileReference; lastKnownFileType = sourcecode.swift; path = MoviesProvider.swift; sourceTree = "<group>"; };
		5F86FA132097A25800F32ACD /* SettingsConstants.swift */ = {isa = PBXFileReference; lastKnownFileType = sourcecode.swift; path = SettingsConstants.swift; sourceTree = "<group>"; };
		5F86FA162097A43E00F32ACD /* MoviesDataManager.swift */ = {isa = PBXFileReference; lastKnownFileType = sourcecode.swift; path = MoviesDataManager.swift; sourceTree = "<group>"; };
		AC04195E1980FF631EC1341C /* Pods-SIVVI Movies.debug.xcconfig */ = {isa = PBXFileReference; includeInIndex = 1; lastKnownFileType = text.xcconfig; name = "Pods-SIVVI Movies.debug.xcconfig"; path = "Pods/Target Support Files/Pods-SIVVI Movies/Pods-SIVVI Movies.debug.xcconfig"; sourceTree = "<group>"; };
		AD94945E846BAAE7A3427C5C /* Pods-SIVVI MoviesTests.debug.xcconfig */ = {isa = PBXFileReference; includeInIndex = 1; lastKnownFileType = text.xcconfig; name = "Pods-SIVVI MoviesTests.debug.xcconfig"; path = "Pods/Target Support Files/Pods-SIVVI MoviesTests/Pods-SIVVI MoviesTests.debug.xcconfig"; sourceTree = "<group>"; };
		F14113E3BD974CD318BB5D65 /* Pods-SIVVI MoviesUITests.debug.xcconfig */ = {isa = PBXFileReference; includeInIndex = 1; lastKnownFileType = text.xcconfig; name = "Pods-SIVVI MoviesUITests.debug.xcconfig"; path = "Pods/Target Support Files/Pods-SIVVI MoviesUITests/Pods-SIVVI MoviesUITests.debug.xcconfig"; sourceTree = "<group>"; };
/* End PBXFileReference section */

/* Begin PBXFrameworksBuildPhase section */
		5F86F9CC2097534000F32ACD /* Frameworks */ = {
			isa = PBXFrameworksBuildPhase;
			buildActionMask = 2147483647;
			files = (
				DEC4966E70ADBB867ADA1470 /* Pods_SIVVI_Movies.framework in Frameworks */,
			);
			runOnlyForDeploymentPostprocessing = 0;
		};
		5F86F9E22097534200F32ACD /* Frameworks */ = {
			isa = PBXFrameworksBuildPhase;
			buildActionMask = 2147483647;
			files = (
				60B1C3AA38F79D184019CD6A /* Pods_SIVVI_MoviesTests.framework in Frameworks */,
			);
			runOnlyForDeploymentPostprocessing = 0;
		};
		5F86F9ED2097534200F32ACD /* Frameworks */ = {
			isa = PBXFrameworksBuildPhase;
			buildActionMask = 2147483647;
			files = (
				C108187DE72DA5A4ED6B185B /* Pods_SIVVI_MoviesUITests.framework in Frameworks */,
			);
			runOnlyForDeploymentPostprocessing = 0;
		};
/* End PBXFrameworksBuildPhase section */

/* Begin PBXGroup section */
		0DF517EA74A31E6203E2C7B7 /* Frameworks */ = {
			isa = PBXGroup;
			children = (
				3B88F886831782069D708F68 /* Pods_SIVVI_Movies.framework */,
				2E4DB3B0426A1282E842EBD5 /* Pods_SIVVI_MoviesTests.framework */,
				216ABCECBAD354B2B91AA98A /* Pods_SIVVI_MoviesUITests.framework */,
			);
			name = Frameworks;
			sourceTree = "<group>";
		};
		2C0E8812831816B4F7AEB40A /* Pods */ = {
			isa = PBXGroup;
			children = (
				AC04195E1980FF631EC1341C /* Pods-SIVVI Movies.debug.xcconfig */,
				49B8BCC2C94467BA83929066 /* Pods-SIVVI Movies.release.xcconfig */,
				AD94945E846BAAE7A3427C5C /* Pods-SIVVI MoviesTests.debug.xcconfig */,
				44C418DFC0F464E191FA24D9 /* Pods-SIVVI MoviesTests.release.xcconfig */,
				F14113E3BD974CD318BB5D65 /* Pods-SIVVI MoviesUITests.debug.xcconfig */,
				5E471524F0F064F89DF0E2E9 /* Pods-SIVVI MoviesUITests.release.xcconfig */,
			);
			name = Pods;
			sourceTree = "<group>";
		};
		5F86F9C62097534000F32ACD = {
			isa = PBXGroup;
			children = (
				5F86F9D12097534000F32ACD /* SIVVI Movies */,
				5F86F9E82097534200F32ACD /* SIVVI MoviesTests */,
				5F86F9F32097534200F32ACD /* SIVVI MoviesUITests */,
				5F86F9D02097534000F32ACD /* Products */,
				2C0E8812831816B4F7AEB40A /* Pods */,
				0DF517EA74A31E6203E2C7B7 /* Frameworks */,
			);
			sourceTree = "<group>";
		};
		5F86F9D02097534000F32ACD /* Products */ = {
			isa = PBXGroup;
			children = (
				5F86F9CF2097534000F32ACD /* SIVVI Movies.app */,
				5F86F9E52097534200F32ACD /* SIVVI MoviesTests.xctest */,
				5F86F9F02097534200F32ACD /* SIVVI MoviesUITests.xctest */,
			);
			name = Products;
			sourceTree = "<group>";
		};
		5F86F9D12097534000F32ACD /* SIVVI Movies */ = {
			isa = PBXGroup;
			children = (
				5F86FA152097A42D00F32ACD /* DataManager */,
				5F86FA122097A23F00F32ACD /* Extras */,
				5F86FA0F20979DF800F32ACD /* MoviesAPI */,
				5F86FA02209753B300F32ACD /* Home */,
				5F86F9D22097534000F32ACD /* AppDelegate.swift */,
				5F86F9D42097534000F32ACD /* MasterViewController.swift */,
				5F86F9D62097534000F32ACD /* DetailViewController.swift */,
				5F86F9D82097534000F32ACD /* Main.storyboard */,
				5F86F9DB2097534200F32ACD /* Assets.xcassets */,
				5F86F9DD2097534200F32ACD /* LaunchScreen.storyboard */,
				5F86F9E02097534200F32ACD /* Info.plist */,
				5F86FA092097578200F32ACD /* Home.storyboard */,
			);
			path = "SIVVI Movies";
			sourceTree = "<group>";
		};
		5F86F9E82097534200F32ACD /* SIVVI MoviesTests */ = {
			isa = PBXGroup;
			children = (
				5F86F9E92097534200F32ACD /* SIVVI_MoviesTests.swift */,
				5F86F9EB2097534200F32ACD /* Info.plist */,
			);
			path = "SIVVI MoviesTests";
			sourceTree = "<group>";
		};
		5F86F9F32097534200F32ACD /* SIVVI MoviesUITests */ = {
			isa = PBXGroup;
			children = (
				5F86F9F42097534200F32ACD /* SIVVI_MoviesUITests.swift */,
				5F86F9F62097534200F32ACD /* Info.plist */,
			);
			path = "SIVVI MoviesUITests";
			sourceTree = "<group>";
		};
		5F86FA02209753B300F32ACD /* Home */ = {
			isa = PBXGroup;
			children = (
				5F86FA05209755FF00F32ACD /* HomeViewModel.swift */,
				5F86FA072097560C00F32ACD /* HomeViewController.swift */,
				5F86FA0B20979D9C00F32ACD /* Movie.swift */,
				5F86FA0D20979DDE00F32ACD /* MovieSection.swift */,
			);
			path = Home;
			sourceTree = "<group>";
		};
		5F86FA0F20979DF800F32ACD /* MoviesAPI */ = {
			isa = PBXGroup;
			children = (
				5F86FA102097A03200F32ACD /* MoviesProvider.swift */,
			);
			path = MoviesAPI;
			sourceTree = "<group>";
		};
		5F86FA122097A23F00F32ACD /* Extras */ = {
			isa = PBXGroup;
			children = (
				5F86FA132097A25800F32ACD /* SettingsConstants.swift */,
			);
			path = Extras;
			sourceTree = "<group>";
		};
		5F86FA152097A42D00F32ACD /* DataManager */ = {
			isa = PBXGroup;
			children = (
				5F86FA162097A43E00F32ACD /* MoviesDataManager.swift */,
			);
			path = DataManager;
			sourceTree = "<group>";
		};
/* End PBXGroup section */

/* Begin PBXNativeTarget section */
		5F86F9CE2097534000F32ACD /* SIVVI Movies */ = {
			isa = PBXNativeTarget;
			buildConfigurationList = 5F86F9F92097534200F32ACD /* Build configuration list for PBXNativeTarget "SIVVI Movies" */;
			buildPhases = (
				61100FFD15DC13F6338839CC /* [CP] Check Pods Manifest.lock */,
				5F86F9CB2097534000F32ACD /* Sources */,
				5F86F9CC2097534000F32ACD /* Frameworks */,
				5F86F9CD2097534000F32ACD /* Resources */,
				D1E45FC65D5202801CF6345D /* [CP] Embed Pods Frameworks */,
			);
			buildRules = (
			);
			dependencies = (
			);
			name = "SIVVI Movies";
			productName = "SIVVI Movies";
			productReference = 5F86F9CF2097534000F32ACD /* SIVVI Movies.app */;
			productType = "com.apple.product-type.application";
		};
		5F86F9E42097534200F32ACD /* SIVVI MoviesTests */ = {
			isa = PBXNativeTarget;
			buildConfigurationList = 5F86F9FC2097534200F32ACD /* Build configuration list for PBXNativeTarget "SIVVI MoviesTests" */;
			buildPhases = (
				E3DFEBCA75B48C4533A43F17 /* [CP] Check Pods Manifest.lock */,
				5F86F9E12097534200F32ACD /* Sources */,
				5F86F9E22097534200F32ACD /* Frameworks */,
				5F86F9E32097534200F32ACD /* Resources */,
			);
			buildRules = (
			);
			dependencies = (
				5F86F9E72097534200F32ACD /* PBXTargetDependency */,
			);
			name = "SIVVI MoviesTests";
			productName = "SIVVI MoviesTests";
			productReference = 5F86F9E52097534200F32ACD /* SIVVI MoviesTests.xctest */;
			productType = "com.apple.product-type.bundle.unit-test";
		};
		5F86F9EF2097534200F32ACD /* SIVVI MoviesUITests */ = {
			isa = PBXNativeTarget;
			buildConfigurationList = 5F86F9FF2097534200F32ACD /* Build configuration list for PBXNativeTarget "SIVVI MoviesUITests" */;
			buildPhases = (
				508E0EB6FBD561639A6F3456 /* [CP] Check Pods Manifest.lock */,
				5F86F9EC2097534200F32ACD /* Sources */,
				5F86F9ED2097534200F32ACD /* Frameworks */,
				5F86F9EE2097534200F32ACD /* Resources */,
			);
			buildRules = (
			);
			dependencies = (
				5F86F9F22097534200F32ACD /* PBXTargetDependency */,
			);
			name = "SIVVI MoviesUITests";
			productName = "SIVVI MoviesUITests";
			productReference = 5F86F9F02097534200F32ACD /* SIVVI MoviesUITests.xctest */;
			productType = "com.apple.product-type.bundle.ui-testing";
		};
/* End PBXNativeTarget section */

/* Begin PBXProject section */
		5F86F9C72097534000F32ACD /* Project object */ = {
			isa = PBXProject;
			attributes = {
				LastSwiftUpdateCheck = 0930;
				LastUpgradeCheck = 0930;
				ORGANIZATIONNAME = Zouhair;
				TargetAttributes = {
					5F86F9CE2097534000F32ACD = {
						CreatedOnToolsVersion = 9.3;
					};
					5F86F9E42097534200F32ACD = {
						CreatedOnToolsVersion = 9.3;
						TestTargetID = 5F86F9CE2097534000F32ACD;
					};
					5F86F9EF2097534200F32ACD = {
						CreatedOnToolsVersion = 9.3;
						TestTargetID = 5F86F9CE2097534000F32ACD;
					};
				};
			};
			buildConfigurationList = 5F86F9CA2097534000F32ACD /* Build configuration list for PBXProject "SIVVI Movies" */;
			compatibilityVersion = "Xcode 9.3";
			developmentRegion = en;
			hasScannedForEncodings = 0;
			knownRegions = (
				en,
				Base,
			);
			mainGroup = 5F86F9C62097534000F32ACD;
			productRefGroup = 5F86F9D02097534000F32ACD /* Products */;
			projectDirPath = "";
			projectRoot = "";
			targets = (
				5F86F9CE2097534000F32ACD /* SIVVI Movies */,
				5F86F9E42097534200F32ACD /* SIVVI MoviesTests */,
				5F86F9EF2097534200F32ACD /* SIVVI MoviesUITests */,
			);
		};
/* End PBXProject section */

/* Begin PBXResourcesBuildPhase section */
		5F86F9CD2097534000F32ACD /* Resources */ = {
			isa = PBXResourcesBuildPhase;
			buildActionMask = 2147483647;
			files = (
				5F86F9DF2097534200F32ACD /* LaunchScreen.storyboard in Resources */,
				5F86F9DC2097534200F32ACD /* Assets.xcassets in Resources */,
				5F86F9DA2097534000F32ACD /* Main.storyboard in Resources */,
				5F86FA0A2097578200F32ACD /* Home.storyboard in Resources */,
			);
			runOnlyForDeploymentPostprocessing = 0;
		};
		5F86F9E32097534200F32ACD /* Resources */ = {
			isa = PBXResourcesBuildPhase;
			buildActionMask = 2147483647;
			files = (
			);
			runOnlyForDeploymentPostprocessing = 0;
		};
		5F86F9EE2097534200F32ACD /* Resources */ = {
			isa = PBXResourcesBuildPhase;
			buildActionMask = 2147483647;
			files = (
			);
			runOnlyForDeploymentPostprocessing = 0;
		};
/* End PBXResourcesBuildPhase section */

/* Begin PBXShellScriptBuildPhase section */
		508E0EB6FBD561639A6F3456 /* [CP] Check Pods Manifest.lock */ = {
			isa = PBXShellScriptBuildPhase;
			buildActionMask = 2147483647;
			files = (
			);
			inputPaths = (
				"${PODS_PODFILE_DIR_PATH}/Podfile.lock",
				"${PODS_ROOT}/Manifest.lock",
			);
			name = "[CP] Check Pods Manifest.lock";
			outputPaths = (
				"$(DERIVED_FILE_DIR)/Pods-SIVVI MoviesUITests-checkManifestLockResult.txt",
			);
			runOnlyForDeploymentPostprocessing = 0;
			shellPath = /bin/sh;
			shellScript = "diff \"${PODS_PODFILE_DIR_PATH}/Podfile.lock\" \"${PODS_ROOT}/Manifest.lock\" > /dev/null\nif [ $? != 0 ] ; then\n    # print error to STDERR\n    echo \"error: The sandbox is not in sync with the Podfile.lock. Run 'pod install' or update your CocoaPods installation.\" >&2\n    exit 1\nfi\n# This output is used by Xcode 'outputs' to avoid re-running this script phase.\necho \"SUCCESS\" > \"${SCRIPT_OUTPUT_FILE_0}\"\n";
			showEnvVarsInLog = 0;
		};
		61100FFD15DC13F6338839CC /* [CP] Check Pods Manifest.lock */ = {
			isa = PBXShellScriptBuildPhase;
			buildActionMask = 2147483647;
			files = (
			);
			inputPaths = (
				"${PODS_PODFILE_DIR_PATH}/Podfile.lock",
				"${PODS_ROOT}/Manifest.lock",
			);
			name = "[CP] Check Pods Manifest.lock";
			outputPaths = (
				"$(DERIVED_FILE_DIR)/Pods-SIVVI Movies-checkManifestLockResult.txt",
			);
			runOnlyForDeploymentPostprocessing = 0;
			shellPath = /bin/sh;
			shellScript = "diff \"${PODS_PODFILE_DIR_PATH}/Podfile.lock\" \"${PODS_ROOT}/Manifest.lock\" > /dev/null\nif [ $? != 0 ] ; then\n    # print error to STDERR\n    echo \"error: The sandbox is not in sync with the Podfile.lock. Run 'pod install' or update your CocoaPods installation.\" >&2\n    exit 1\nfi\n# This output is used by Xcode 'outputs' to avoid re-running this script phase.\necho \"SUCCESS\" > \"${SCRIPT_OUTPUT_FILE_0}\"\n";
			showEnvVarsInLog = 0;
		};
		D1E45FC65D5202801CF6345D /* [CP] Embed Pods Frameworks */ = {
			isa = PBXShellScriptBuildPhase;
			buildActionMask = 2147483647;
			files = (
			);
			inputPaths = (
				"${SRCROOT}/Pods/Target Support Files/Pods-SIVVI Movies/Pods-SIVVI Movies-frameworks.sh",
				"${BUILT_PRODUCTS_DIR}/Alamofire/Alamofire.framework",
				"${BUILT_PRODUCTS_DIR}/Moya/Moya.framework",
				"${BUILT_PRODUCTS_DIR}/ObjectMapper/ObjectMapper.framework",
				"${BUILT_PRODUCTS_DIR}/Result/Result.framework",
				"${BUILT_PRODUCTS_DIR}/RxCocoa/RxCocoa.framework",
				"${BUILT_PRODUCTS_DIR}/RxSwift/RxSwift.framework",
			);
			name = "[CP] Embed Pods Frameworks";
			outputPaths = (
				"${TARGET_BUILD_DIR}/${FRAMEWORKS_FOLDER_PATH}/Alamofire.framework",
				"${TARGET_BUILD_DIR}/${FRAMEWORKS_FOLDER_PATH}/Moya.framework",
				"${TARGET_BUILD_DIR}/${FRAMEWORKS_FOLDER_PATH}/ObjectMapper.framework",
				"${TARGET_BUILD_DIR}/${FRAMEWORKS_FOLDER_PATH}/Result.framework",
				"${TARGET_BUILD_DIR}/${FRAMEWORKS_FOLDER_PATH}/RxCocoa.framework",
				"${TARGET_BUILD_DIR}/${FRAMEWORKS_FOLDER_PATH}/RxSwift.framework",
			);
			runOnlyForDeploymentPostprocessing = 0;
			shellPath = /bin/sh;
			shellScript = "\"${SRCROOT}/Pods/Target Support Files/Pods-SIVVI Movies/Pods-SIVVI Movies-frameworks.sh\"\n";
			showEnvVarsInLog = 0;
		};
		E3DFEBCA75B48C4533A43F17 /* [CP] Check Pods Manifest.lock */ = {
			isa = PBXShellScriptBuildPhase;
			buildActionMask = 2147483647;
			files = (
			);
			inputPaths = (
				"${PODS_PODFILE_DIR_PATH}/Podfile.lock",
				"${PODS_ROOT}/Manifest.lock",
			);
			name = "[CP] Check Pods Manifest.lock";
			outputPaths = (
				"$(DERIVED_FILE_DIR)/Pods-SIVVI MoviesTests-checkManifestLockResult.txt",
			);
			runOnlyForDeploymentPostprocessing = 0;
			shellPath = /bin/sh;
			shellScript = "diff \"${PODS_PODFILE_DIR_PATH}/Podfile.lock\" \"${PODS_ROOT}/Manifest.lock\" > /dev/null\nif [ $? != 0 ] ; then\n    # print error to STDERR\n    echo \"error: The sandbox is not in sync with the Podfile.lock. Run 'pod install' or update your CocoaPods installation.\" >&2\n    exit 1\nfi\n# This output is used by Xcode 'outputs' to avoid re-running this script phase.\necho \"SUCCESS\" > \"${SCRIPT_OUTPUT_FILE_0}\"\n";
			showEnvVarsInLog = 0;
		};
/* End PBXShellScriptBuildPhase section */

/* Begin PBXSourcesBuildPhase section */
		5F86F9CB2097534000F32ACD /* Sources */ = {
			isa = PBXSourcesBuildPhase;
			buildActionMask = 2147483647;
			files = (
				5F86FA082097560C00F32ACD /* HomeViewController.swift in Sources */,
				5F86F9D72097534000F32ACD /* DetailViewController.swift in Sources */,
				5F86FA0C20979D9C00F32ACD /* Movie.swift in Sources */,
				5F86F9D52097534000F32ACD /* MasterViewController.swift in Sources */,
				5F86FA172097A43E00F32ACD /* MoviesDataManager.swift in Sources */,
				5F86F9D32097534000F32ACD /* AppDelegate.swift in Sources */,
				5F86FA06209755FF00F32ACD /* HomeViewModel.swift in Sources */,
				5F86FA0E20979DDE00F32ACD /* MovieSection.swift in Sources */,
				5F86FA112097A03200F32ACD /* MoviesProvider.swift in Sources */,
				5F86FA142097A25800F32ACD /* SettingsConstants.swift in Sources */,
			);
			runOnlyForDeploymentPostprocessing = 0;
		};
		5F86F9E12097534200F32ACD /* Sources */ = {
			isa = PBXSourcesBuildPhase;
			buildActionMask = 2147483647;
			files = (
				5F86F9EA2097534200F32ACD /* SIVVI_MoviesTests.swift in Sources */,
			);
			runOnlyForDeploymentPostprocessing = 0;
		};
		5F86F9EC2097534200F32ACD /* Sources */ = {
			isa = PBXSourcesBuildPhase;
			buildActionMask = 2147483647;
			files = (
				5F86F9F52097534200F32ACD /* SIVVI_MoviesUITests.swift in Sources */,
			);
			runOnlyForDeploymentPostprocessing = 0;
		};
/* End PBXSourcesBuildPhase section */

/* Begin PBXTargetDependency section */
		5F86F9E72097534200F32ACD /* PBXTargetDependency */ = {
			isa = PBXTargetDependency;
			target = 5F86F9CE2097534000F32ACD /* SIVVI Movies */;
			targetProxy = 5F86F9E62097534200F32ACD /* PBXContainerItemProxy */;
		};
		5F86F9F22097534200F32ACD /* PBXTargetDependency */ = {
			isa = PBXTargetDependency;
			target = 5F86F9CE2097534000F32ACD /* SIVVI Movies */;
			targetProxy = 5F86F9F12097534200F32ACD /* PBXContainerItemProxy */;
		};
/* End PBXTargetDependency section */

/* Begin PBXVariantGroup section */
		5F86F9D82097534000F32ACD /* Main.storyboard */ = {
			isa = PBXVariantGroup;
			children = (
				5F86F9D92097534000F32ACD /* Base */,
			);
			name = Main.storyboard;
			sourceTree = "<group>";
		};
		5F86F9DD2097534200F32ACD /* LaunchScreen.storyboard */ = {
			isa = PBXVariantGroup;
			children = (
				5F86F9DE2097534200F32ACD /* Base */,
			);
			name = LaunchScreen.storyboard;
			sourceTree = "<group>";
		};
/* End PBXVariantGroup section */

/* Begin XCBuildConfiguration section */
		5F86F9F72097534200F32ACD /* Debug */ = {
			isa = XCBuildConfiguration;
			buildSettings = {
				ALWAYS_SEARCH_USER_PATHS = NO;
				CLANG_ANALYZER_NONNULL = YES;
				CLANG_ANALYZER_NUMBER_OBJECT_CONVERSION = YES_AGGRESSIVE;
				CLANG_CXX_LANGUAGE_STANDARD = "gnu++14";
				CLANG_CXX_LIBRARY = "libc++";
				CLANG_ENABLE_MODULES = YES;
				CLANG_ENABLE_OBJC_ARC = YES;
				CLANG_ENABLE_OBJC_WEAK = YES;
				CLANG_WARN_BLOCK_CAPTURE_AUTORELEASING = YES;
				CLANG_WARN_BOOL_CONVERSION = YES;
				CLANG_WARN_COMMA = YES;
				CLANG_WARN_CONSTANT_CONVERSION = YES;
				CLANG_WARN_DEPRECATED_OBJC_IMPLEMENTATIONS = YES;
				CLANG_WARN_DIRECT_OBJC_ISA_USAGE = YES_ERROR;
				CLANG_WARN_DOCUMENTATION_COMMENTS = YES;
				CLANG_WARN_EMPTY_BODY = YES;
				CLANG_WARN_ENUM_CONVERSION = YES;
				CLANG_WARN_INFINITE_RECURSION = YES;
				CLANG_WARN_INT_CONVERSION = YES;
				CLANG_WARN_NON_LITERAL_NULL_CONVERSION = YES;
				CLANG_WARN_OBJC_IMPLICIT_RETAIN_SELF = YES;
				CLANG_WARN_OBJC_LITERAL_CONVERSION = YES;
				CLANG_WARN_OBJC_ROOT_CLASS = YES_ERROR;
				CLANG_WARN_RANGE_LOOP_ANALYSIS = YES;
				CLANG_WARN_STRICT_PROTOTYPES = YES;
				CLANG_WARN_SUSPICIOUS_MOVE = YES;
				CLANG_WARN_UNGUARDED_AVAILABILITY = YES_AGGRESSIVE;
				CLANG_WARN_UNREACHABLE_CODE = YES;
				CLANG_WARN__DUPLICATE_METHOD_MATCH = YES;
				CODE_SIGN_IDENTITY = "iPhone Developer";
				COPY_PHASE_STRIP = NO;
				DEBUG_INFORMATION_FORMAT = dwarf;
				ENABLE_STRICT_OBJC_MSGSEND = YES;
				ENABLE_TESTABILITY = YES;
				GCC_C_LANGUAGE_STANDARD = gnu11;
				GCC_DYNAMIC_NO_PIC = NO;
				GCC_NO_COMMON_BLOCKS = YES;
				GCC_OPTIMIZATION_LEVEL = 0;
				GCC_PREPROCESSOR_DEFINITIONS = (
					"DEBUG=1",
					"$(inherited)",
				);
				GCC_WARN_64_TO_32_BIT_CONVERSION = YES;
				GCC_WARN_ABOUT_RETURN_TYPE = YES_ERROR;
				GCC_WARN_UNDECLARED_SELECTOR = YES;
				GCC_WARN_UNINITIALIZED_AUTOS = YES_AGGRESSIVE;
				GCC_WARN_UNUSED_FUNCTION = YES;
				GCC_WARN_UNUSED_VARIABLE = YES;
				IPHONEOS_DEPLOYMENT_TARGET = 11.3;
				MTL_ENABLE_DEBUG_INFO = YES;
				ONLY_ACTIVE_ARCH = YES;
				SDKROOT = iphoneos;
				SWIFT_ACTIVE_COMPILATION_CONDITIONS = DEBUG;
				SWIFT_OPTIMIZATION_LEVEL = "-Onone";
			};
			name = Debug;
		};
		5F86F9F82097534200F32ACD /* Release */ = {
			isa = XCBuildConfiguration;
			buildSettings = {
				ALWAYS_SEARCH_USER_PATHS = NO;
				CLANG_ANALYZER_NONNULL = YES;
				CLANG_ANALYZER_NUMBER_OBJECT_CONVERSION = YES_AGGRESSIVE;
				CLANG_CXX_LANGUAGE_STANDARD = "gnu++14";
				CLANG_CXX_LIBRARY = "libc++";
				CLANG_ENABLE_MODULES = YES;
				CLANG_ENABLE_OBJC_ARC = YES;
				CLANG_ENABLE_OBJC_WEAK = YES;
				CLANG_WARN_BLOCK_CAPTURE_AUTORELEASING = YES;
				CLANG_WARN_BOOL_CONVERSION = YES;
				CLANG_WARN_COMMA = YES;
				CLANG_WARN_CONSTANT_CONVERSION = YES;
				CLANG_WARN_DEPRECATED_OBJC_IMPLEMENTATIONS = YES;
				CLANG_WARN_DIRECT_OBJC_ISA_USAGE = YES_ERROR;
				CLANG_WARN_DOCUMENTATION_COMMENTS = YES;
				CLANG_WARN_EMPTY_BODY = YES;
				CLANG_WARN_ENUM_CONVERSION = YES;
				CLANG_WARN_INFINITE_RECURSION = YES;
				CLANG_WARN_INT_CONVERSION = YES;
				CLANG_WARN_NON_LITERAL_NULL_CONVERSION = YES;
				CLANG_WARN_OBJC_IMPLICIT_RETAIN_SELF = YES;
				CLANG_WARN_OBJC_LITERAL_CONVERSION = YES;
				CLANG_WARN_OBJC_ROOT_CLASS = YES_ERROR;
				CLANG_WARN_RANGE_LOOP_ANALYSIS = YES;
				CLANG_WARN_STRICT_PROTOTYPES = YES;
				CLANG_WARN_SUSPICIOUS_MOVE = YES;
				CLANG_WARN_UNGUARDED_AVAILABILITY = YES_AGGRESSIVE;
				CLANG_WARN_UNREACHABLE_CODE = YES;
				CLANG_WARN__DUPLICATE_METHOD_MATCH = YES;
				CODE_SIGN_IDENTITY = "iPhone Developer";
				COPY_PHASE_STRIP = NO;
				DEBUG_INFORMATION_FORMAT = "dwarf-with-dsym";
				ENABLE_NS_ASSERTIONS = NO;
				ENABLE_STRICT_OBJC_MSGSEND = YES;
				GCC_C_LANGUAGE_STANDARD = gnu11;
				GCC_NO_COMMON_BLOCKS = YES;
				GCC_WARN_64_TO_32_BIT_CONVERSION = YES;
				GCC_WARN_ABOUT_RETURN_TYPE = YES_ERROR;
				GCC_WARN_UNDECLARED_SELECTOR = YES;
				GCC_WARN_UNINITIALIZED_AUTOS = YES_AGGRESSIVE;
				GCC_WARN_UNUSED_FUNCTION = YES;
				GCC_WARN_UNUSED_VARIABLE = YES;
				IPHONEOS_DEPLOYMENT_TARGET = 11.3;
				MTL_ENABLE_DEBUG_INFO = NO;
				SDKROOT = iphoneos;
				SWIFT_COMPILATION_MODE = wholemodule;
				SWIFT_OPTIMIZATION_LEVEL = "-O";
				VALIDATE_PRODUCT = YES;
			};
			name = Release;
		};
		5F86F9FA2097534200F32ACD /* Debug */ = {
			isa = XCBuildConfiguration;
			baseConfigurationReference = AC04195E1980FF631EC1341C /* Pods-SIVVI Movies.debug.xcconfig */;
			buildSettings = {
				ASSETCATALOG_COMPILER_APPICON_NAME = AppIcon;
				CODE_SIGN_STYLE = Automatic;
				DEVELOPMENT_TEAM = TSAPQ7K955;
				INFOPLIST_FILE = "SIVVI Movies/Info.plist";
				LD_RUNPATH_SEARCH_PATHS = (
					"$(inherited)",
					"@executable_path/Frameworks",
				);
				PRODUCT_BUNDLE_IDENTIFIER = "zouhair.SIVVI-Movies";
				PRODUCT_NAME = "$(TARGET_NAME)";
				SWIFT_VERSION = 4.0;
				TARGETED_DEVICE_FAMILY = "1,2";
			};
			name = Debug;
		};
		5F86F9FB2097534200F32ACD /* Release */ = {
			isa = XCBuildConfiguration;
			baseConfigurationReference = 49B8BCC2C94467BA83929066 /* Pods-SIVVI Movies.release.xcconfig */;
			buildSettings = {
				ASSETCATALOG_COMPILER_APPICON_NAME = AppIcon;
				CODE_SIGN_STYLE = Automatic;
				DEVELOPMENT_TEAM = TSAPQ7K955;
				INFOPLIST_FILE = "SIVVI Movies/Info.plist";
				LD_RUNPATH_SEARCH_PATHS = (
					"$(inherited)",
					"@executable_path/Frameworks",
				);
				PRODUCT_BUNDLE_IDENTIFIER = "zouhair.SIVVI-Movies";
				PRODUCT_NAME = "$(TARGET_NAME)";
				SWIFT_VERSION = 4.0;
				TARGETED_DEVICE_FAMILY = "1,2";
			};
			name = Release;
		};
		5F86F9FD2097534200F32ACD /* Debug */ = {
			isa = XCBuildConfiguration;
			baseConfigurationReference = AD94945E846BAAE7A3427C5C /* Pods-SIVVI MoviesTests.debug.xcconfig */;
			buildSettings = {
				ALWAYS_EMBED_SWIFT_STANDARD_LIBRARIES = YES;
				BUNDLE_LOADER = "$(TEST_HOST)";
				CODE_SIGN_STYLE = Automatic;
				DEVELOPMENT_TEAM = TSAPQ7K955;
				INFOPLIST_FILE = "SIVVI MoviesTests/Info.plist";
				LD_RUNPATH_SEARCH_PATHS = (
					"$(inherited)",
					"@executable_path/Frameworks",
					"@loader_path/Frameworks",
				);
				PRODUCT_BUNDLE_IDENTIFIER = "zouhair.SIVVI-MoviesTests";
				PRODUCT_NAME = "$(TARGET_NAME)";
				SWIFT_VERSION = 4.0;
				TARGETED_DEVICE_FAMILY = "1,2";
				TEST_HOST = "$(BUILT_PRODUCTS_DIR)/SIVVI Movies.app/SIVVI Movies";
			};
			name = Debug;
		};
		5F86F9FE2097534200F32ACD /* Release */ = {
			isa = XCBuildConfiguration;
			baseConfigurationReference = 44C418DFC0F464E191FA24D9 /* Pods-SIVVI MoviesTests.release.xcconfig */;
			buildSettings = {
				ALWAYS_EMBED_SWIFT_STANDARD_LIBRARIES = YES;
				BUNDLE_LOADER = "$(TEST_HOST)";
				CODE_SIGN_STYLE = Automatic;
				DEVELOPMENT_TEAM = TSAPQ7K955;
				INFOPLIST_FILE = "SIVVI MoviesTests/Info.plist";
				LD_RUNPATH_SEARCH_PATHS = (
					"$(inherited)",
					"@executable_path/Frameworks",
					"@loader_path/Frameworks",
				);
				PRODUCT_BUNDLE_IDENTIFIER = "zouhair.SIVVI-MoviesTests";
				PRODUCT_NAME = "$(TARGET_NAME)";
				SWIFT_VERSION = 4.0;
				TARGETED_DEVICE_FAMILY = "1,2";
				TEST_HOST = "$(BUILT_PRODUCTS_DIR)/SIVVI Movies.app/SIVVI Movies";
			};
			name = Release;
		};
		5F86FA002097534200F32ACD /* Debug */ = {
			isa = XCBuildConfiguration;
			baseConfigurationReference = F14113E3BD974CD318BB5D65 /* Pods-SIVVI MoviesUITests.debug.xcconfig */;
			buildSettings = {
				ALWAYS_EMBED_SWIFT_STANDARD_LIBRARIES = YES;
				CODE_SIGN_STYLE = Automatic;
				DEVELOPMENT_TEAM = TSAPQ7K955;
				INFOPLIST_FILE = "SIVVI MoviesUITests/Info.plist";
				LD_RUNPATH_SEARCH_PATHS = (
					"$(inherited)",
					"@executable_path/Frameworks",
					"@loader_path/Frameworks",
				);
				PRODUCT_BUNDLE_IDENTIFIER = "zouhair.SIVVI-MoviesUITests";
				PRODUCT_NAME = "$(TARGET_NAME)";
				SWIFT_VERSION = 4.0;
				TARGETED_DEVICE_FAMILY = "1,2";
				TEST_TARGET_NAME = "SIVVI Movies";
			};
			name = Debug;
		};
		5F86FA012097534200F32ACD /* Release */ = {
			isa = XCBuildConfiguration;
			baseConfigurationReference = 5E471524F0F064F89DF0E2E9 /* Pods-SIVVI MoviesUITests.release.xcconfig */;
			buildSettings = {
				ALWAYS_EMBED_SWIFT_STANDARD_LIBRARIES = YES;
				CODE_SIGN_STYLE = Automatic;
				DEVELOPMENT_TEAM = TSAPQ7K955;
				INFOPLIST_FILE = "SIVVI MoviesUITests/Info.plist";
				LD_RUNPATH_SEARCH_PATHS = (
					"$(inherited)",
					"@executable_path/Frameworks",
					"@loader_path/Frameworks",
				);
				PRODUCT_BUNDLE_IDENTIFIER = "zouhair.SIVVI-MoviesUITests";
				PRODUCT_NAME = "$(TARGET_NAME)";
				SWIFT_VERSION = 4.0;
				TARGETED_DEVICE_FAMILY = "1,2";
				TEST_TARGET_NAME = "SIVVI Movies";
			};
			name = Release;
		};
/* End XCBuildConfiguration section */

/* Begin XCConfigurationList section */
		5F86F9CA2097534000F32ACD /* Build configuration list for PBXProject "SIVVI Movies" */ = {
			isa = XCConfigurationList;
			buildConfigurations = (
				5F86F9F72097534200F32ACD /* Debug */,
				5F86F9F82097534200F32ACD /* Release */,
			);
			defaultConfigurationIsVisible = 0;
			defaultConfigurationName = Release;
		};
		5F86F9F92097534200F32ACD /* Build configuration list for PBXNativeTarget "SIVVI Movies" */ = {
			isa = XCConfigurationList;
			buildConfigurations = (
				5F86F9FA2097534200F32ACD /* Debug */,
				5F86F9FB2097534200F32ACD /* Release */,
			);
			defaultConfigurationIsVisible = 0;
			defaultConfigurationName = Release;
		};
		5F86F9FC2097534200F32ACD /* Build configuration list for PBXNativeTarget "SIVVI MoviesTests" */ = {
			isa = XCConfigurationList;
			buildConfigurations = (
				5F86F9FD2097534200F32ACD /* Debug */,
				5F86F9FE2097534200F32ACD /* Release */,
			);
			defaultConfigurationIsVisible = 0;
			defaultConfigurationName = Release;
		};
		5F86F9FF2097534200F32ACD /* Build configuration list for PBXNativeTarget "SIVVI MoviesUITests" */ = {
			isa = XCConfigurationList;
			buildConfigurations = (
				5F86FA002097534200F32ACD /* Debug */,
				5F86FA012097534200F32ACD /* Release */,
			);
			defaultConfigurationIsVisible = 0;
			defaultConfigurationName = Release;
		};
/* End XCConfigurationList section */
	};
	rootObject = 5F86F9C72097534000F32ACD /* Project object */;
}
